
Microsoft Visual Studio Solution File, Format Version 12.00
# Visual Studio Version 16
VisualStudioVersion = 16.0.29215.179
MinimumVisualStudioVersion = 10.0.40219.1
Project("{FAE04EC0-301F-11D3-BF4B-00C04F79EFBC}") = "tp2", "tp2\tp2.csproj", "{EABF4111-B007-4353-980B-8212893E42C6}"
EndProject
Project("{FAE04EC0-301F-11D3-BF4B-00C04F79EFBC}") = "Entidades", "Entidades\Entidades.csproj", "{62282DB5-3374-4804-A586-739919C1C006}"
EndProject
Global
	GlobalSection(SolutionConfigurationPlatforms) = preSolution
		Debug|Any CPU = Debug|Any CPU
		Release|Any CPU = Release|Any CPU
	EndGlobalSection
	GlobalSection(ProjectConfigurationPlatforms) = postSolution
		{EABF4111-B007-4353-980B-8212893E42C6}.Debug|Any CPU.ActiveCfg = Debug|Any CPU
		{EABF4111-B007-4353-980B-8212893E42C6}.Debug|Any CPU.Build.0 = Debug|Any CPU
		{EABF4111-B007-4353-980B-8212893E42C6}.Release|Any CPU.ActiveCfg = Release|Any CPU
		{EABF4111-B007-4353-980B-8212893E42C6}.Release|Any CPU.Build.0 = Release|Any CPU
		{62282DB5-3374-4804-A586-739919C1C006}.Debug|Any CPU.ActiveCfg = Debug|Any CPU
		{62282DB5-3374-4804-A586-739919C1C006}.Debug|Any CPU.Build.0 = Debug|Any CPU
		{62282DB5-3374-4804-A586-739919C1C006}.Release|Any CPU.ActiveCfg = Release|Any CPU
		{62282DB5-3374-4804-A586-739919C1C006}.Release|Any CPU.Build.0 = Release|Any CPU
	EndGlobalSection
	GlobalSection(SolutionProperties) = preSolution
		HideSolutionNode = FALSE
	EndGlobalSection
	GlobalSection(ExtensibilityGlobals) = postSolution
		SolutionGuid = {FABD2710-8E77-4093-8BA0-DFE7CB3B74A0}
	EndGlobalSection
EndGlobal
